github.com/h2non/bimg v1.1.9 h1:WH20Nxko9l/HFm4kZCA3Phbgu2cbHvYzxwxn9YROEGg=
github.com/h2non/bimg v1.1.9/go.mod h1:R3+UiYwkK4rQl6KVFTOFJHitgLbZXBZNFh2cv3AEbp8=
github.com/mattn/go-sqlite3 v1.14.49 h1:B8jBHC3xhxZgxztrgruTuLucebnULQnx4W7cF7SAE9w=
github.com/mattn/go-sqlite3 v1.14.49/go.mod h1:6JTjA44L93a0QCyJef5YvlPoKXntQPjzWv5gtm9sB6w=
github.com/rwcarlsen/goexif v0.0.0-20190401172101-9e8deecbddbd h1:CmH9+J6ZSsIjUK3dcGsnCnO41eRBOnY12zwkn5qVwgc=
github.com/rwcarlsen/goexif v0.0.0-20190401172101-9e8deecbddbd/go.mod h1:hPqNNc0+uJM6H+SuU8sEs5K5IQeKccPqeSjfgcKGgPk=
